{
  "name": "408oj",
  "version": "1.0.0",
  "lockfileVersion": 3,
  "requires": true,
  "packages": {
    "": {
      "name": "408oj",
      "version": "1.0.0",
      "license": "MIT",
      "dependencies": {
        "picoc-js": "^1.0.12"
      }
    },
    "node_modules/picoc-js": {
      "version": "1.0.12",
      "resolved": "https://registry.npmjs.org/picoc-js/-/picoc-js-1.0.12.tgz",
      "integrity": "sha512-Yivcmtui9aG+u5Lf7oq27pqS+MSV18DikO+X+Bjn2HRC6swkqEfbkG/OaNthhsWNtUXCfml+sFBvnAO1yULV/A==",
      "license": "MIT"
    }
  }
}
