lockfileVersion: '9.0'

settings:
  autoInstallPeers: true
  excludeLinksFromLockfile: false

importers:

  .:
    dependencies:
      picoc-js:
        specifier: ^1.0.12
        version: 1.0.12

packages:

  picoc-js@1.0.12:
    resolution: {integrity: sha512-Yivcmtui9aG+u5Lf7oq27pqS+MSV18DikO+X+Bjn2HRC6swkqEfbkG/OaNthhsWNtUXCfml+sFBvnAO1yULV/A==}

snapshots:

  picoc-js@1.0.12: {}
